
Microsoft Visual Studio Solution File, Format Version 12.00
# Visual Studio Version 17
VisualStudioVersion = 17.10.35027.167
MinimumVisualStudioVersion = 10.0.40219.1
Project("{FAE04EC0-301F-11D3-BF4B-00C04F79EFBC}") = "CS58_Razor09EF", "CS58_Razor09EF.csproj", "{491C8AE7-840F-4C96-A3AE-10919C5D44DD}"
EndProject
Global
	GlobalSection(SolutionConfigurationPlatforms) = preSolution
		Debug|Any CPU = Debug|Any CPU
		Release|Any CPU = Release|Any CPU
	EndGlobalSection
	GlobalSection(ProjectConfigurationPlatforms) = postSolution
		{491C8AE7-840F-4C96-A3AE-10919C5D44DD}.Debug|Any CPU.ActiveCfg = Debug|Any CPU
		{491C8AE7-840F-4C96-A3AE-10919C5D44DD}.Debug|Any CPU.Build.0 = Debug|Any CPU
		{491C8AE7-840F-4C96-A3AE-10919C5D44DD}.Release|Any CPU.ActiveCfg = Release|Any CPU
		{491C8AE7-840F-4C96-A3AE-10919C5D44DD}.Release|Any CPU.Build.0 = Release|Any CPU
	EndGlobalSection
	GlobalSection(SolutionProperties) = preSolution
		HideSolutionNode = FALSE
	EndGlobalSection
	GlobalSection(ExtensibilityGlobals) = postSolution
		SolutionGuid = {EEFDDABE-93D8-4091-9F77-E9AF3C64DF4A}
	EndGlobalSection
EndGlobal
